// !$*UTF8*$!
{
	archiveVersion = 1;
	classes = {
	};
	objectVersion = 50;
	objects = {

/* Begin PBXBuildFile section */
		AEEE254B2459EC740008628F /* AppDelegate.swift in Sources */ = {isa = PBXBuildFile; fileRef = AEEE254A2459EC740008628F /* AppDelegate.swift */; };
		AEEE254D2459EC740008628F /* SceneDelegate.swift in Sources */ = {isa = PBXBuildFile; fileRef = AEEE254C2459EC740008628F /* SceneDelegate.swift */; };
		AEEE254F2459EC740008628F /* ViewController.swift in Sources */ = {isa = PBXBuildFile; fileRef = AEEE254E2459EC740008628F /* ViewController.swift */; };
		AEEE25522459EC740008628F /* Main.storyboard in Resources */ = {isa = PBXBuildFile; fileRef = AEEE25502459EC740008628F /* Main.storyboard */; };
		AEEE25552459EC740008628F /* EK20_V1.xcdatamodeld in Sources */ = {isa = PBXBuildFile; fileRef = AEEE25532459EC740008628F /* EK20_V1.xcdatamodeld */; };
		AEEE25572459EC770008628F /* Assets.xcassets in Resources */ = {isa = PBXBuildFile; fileRef = AEEE25562459EC770008628F /* Assets.xcassets */; };
		AEEE255A2459EC770008628F /* LaunchScreen.storyboard in Resources */ = {isa = PBXBuildFile; fileRef = AEEE25582459EC770008628F /* LaunchScreen.storyboard */; };
/* End PBXBuildFile section */

/* Begin PBXFileReference section */
		AEEE25472459EC740008628F /* EK20 V1.app */ = {isa = PBXFileReference; explicitFileType = wrapper.application; includeInIndex = 0; path = "EK20 V1.app"; sourceTree = BUILT_PRODUCTS_DIR; };
		AEEE254A2459EC740008628F /* AppDelegate.swift */ = {isa = PBXFileReference; lastKnownFileType = sourcecode.swift; path = AppDelegate.swift; sourceTree = "<group>"; };
		AEEE254C2459EC740008628F /* SceneDelegate.swift */ = {isa = PBXFileReference; lastKnownFileType = sourcecode.swift; path = SceneDelegate.swift; sourceTree = "<group>"; };
		AEEE254E2459EC740008628F /* ViewController.swift */ = {isa = PBXFileReference; lastKnownFileType = sourcecode.swift; path = ViewController.swift; sourceTree = "<group>"; };
		AEEE25512459EC740008628F /* Base */ = {isa = PBXFileReference; lastKnownFileType = file.storyboard; name = Base; path = Base.lproj/Main.storyboard; sourceTree = "<group>"; };
		AEEE25542459EC740008628F /* EK20_V1.xcdatamodel */ = {isa = PBXFileReference; lastKnownFileType = wrapper.xcdatamodel; path = EK20_V1.xcdatamodel; sourceTree = "<group>"; };
		AEEE25562459EC770008628F /* Assets.xcassets */ = {isa = PBXFileReference; lastKnownFileType = folder.assetcatalog; path = Assets.xcassets; sourceTree = "<group>"; };
		AEEE25592459EC770008628F /* Base */ = {isa = PBXFileReference; lastKnownFileType = file.storyboard; name = Base; path = Base.lproj/LaunchScreen.storyboard; sourceTree = "<group>"; };
		AEEE255B2459EC770008628F /* Info.plist */ = {isa = PBXFileReference; lastKnownFileType = text.plist.xml; path = Info.plist; sourceTree = "<group>"; };
/* End PBXFileReference section */

/* Begin PBXFrameworksBuildPhase section */
		AEEE25442459EC740008628F /* Frameworks */ = {
			isa = PBXFrameworksBuildPhase;
			buildActionMask = 2147483647;
			files = (
			);
			runOnlyForDeploymentPostprocessing = 0;
		};
/* End PBXFrameworksBuildPhase section */

/* Begin PBXGroup section */
		AEEE253E2459EC740008628F = {
			isa = PBXGroup;
			children = (
				AEEE25492459EC740008628F /* EK20 V1 */,
				AEEE25482459EC740008628F /* Products */,
			);
			sourceTree = "<group>";
		};
		AEEE25482459EC740008628F /* Products */ = {
			isa = PBXGroup;
			children = (
				AEEE25472459EC740008628F /* EK20 V1.app */,
			);
			name = Products;
			sourceTree = "<group>";
		};
		AEEE25492459EC740008628F /* EK20 V1 */ = {
			isa = PBXGroup;
			children = (
				AEEE254A2459EC740008628F /* AppDelegate.swift */,
				AEEE254C2459EC740008628F /* SceneDelegate.swift */,
				AEEE254E2459EC740008628F /* ViewController.swift */,
				AEEE25502459EC740008628F /* Main.storyboard */,
				AEEE25562459EC770008628F /* Assets.xcassets */,
				AEEE25582459EC770008628F /* LaunchScreen.storyboard */,
				AEEE255B2459EC770008628F /* Info.plist */,
				AEEE25532459EC740008628F /* EK20_V1.xcdatamodeld */,
			);
			path = "EK20 V1";
			sourceTree = "<group>";
		};
/* End PBXGroup section */

/* Begin PBXNativeTarget section */
		AEEE25462459EC740008628F /* EK20 V1 */ = {
			isa = PBXNativeTarget;
			buildConfigurationList = AEEE255E2459EC770008628F /* Build configuration list for PBXNativeTarget "EK20 V1" */;
			buildPhases = (
				AEEE25432459EC740008628F /* Sources */,
				AEEE25442459EC740008628F /* Frameworks */,
				AEEE25452459EC740008628F /* Resources */,
			);
			buildRules = (
			);
			dependencies = (
			);
			name = "EK20 V1";
			productName = "EK20 V1";
			productReference = AEEE25472459EC740008628F /* EK20 V1.app */;
			productType = "com.apple.product-type.application";
		};
/* End PBXNativeTarget section */

/* Begin PBXProject section */
		AEEE253F2459EC740008628F /* Project object */ = {
			isa = PBXProject;
			attributes = {
				LastSwiftUpdateCheck = 1140;
				LastUpgradeCheck = 1140;
				ORGANIZATIONNAME = "Stéphane Trouvé";
				TargetAttributes = {
					AEEE25462459EC740008628F = {
						CreatedOnToolsVersion = 11.4;
					};
				};
			};
			buildConfigurationList = AEEE25422459EC740008628F /* Build configuration list for PBXProject "EK20 V1" */;
			compatibilityVersion = "Xcode 9.3";
			developmentRegion = en;
			hasScannedForEncodings = 0;
			knownRegions = (
				en,
				Base,
			);
			mainGroup = AEEE253E2459EC740008628F;
			productRefGroup = AEEE25482459EC740008628F /* Products */;
			projectDirPath = "";
			projectRoot = "";
			targets = (
				AEEE25462459EC740008628F /* EK20 V1 */,
			);
		};
/* End PBXProject section */

/* Begin PBXResourcesBuildPhase section */
		AEEE25452459EC740008628F /* Resources */ = {
			isa = PBXResourcesBuildPhase;
			buildActionMask = 2147483647;
			files = (
				AEEE255A2459EC770008628F /* LaunchScreen.storyboard in Resources */,
				AEEE25572459EC770008628F /* Assets.xcassets in Resources */,
				AEEE25522459EC740008628F /* Main.storyboard in Resources */,
			);
			runOnlyForDeploymentPostprocessing = 0;
		};
/* End PBXResourcesBuildPhase section */

/* Begin PBXSourcesBuildPhase section */
		AEEE25432459EC740008628F /* Sources */ = {
			isa = PBXSourcesBuildPhase;
			buildActionMask = 2147483647;
			files = (
				AEEE25552459EC740008628F /* EK20_V1.xcdatamodeld in Sources */,
				AEEE254F2459EC740008628F /* ViewController.swift in Sources */,
				AEEE254B2459EC740008628F /* AppDelegate.swift in Sources */,
				AEEE254D2459EC740008628F /* SceneDelegate.swift in Sources */,
			);
			runOnlyForDeploymentPostprocessing = 0;
		};
/* End PBXSourcesBuildPhase section */

/* Begin PBXVariantGroup section */
		AEEE25502459EC740008628F /* Main.storyboard */ = {
			isa = PBXVariantGroup;
			children = (
				AEEE25512459EC740008628F /* Base */,
			);
			name = Main.storyboard;
			sourceTree = "<group>";
		};
		AEEE25582459EC770008628F /* LaunchScreen.storyboard */ = {
			isa = PBXVariantGroup;
			children = (
				AEEE25592459EC770008628F /* Base */,
			);
			name = LaunchScreen.storyboard;
			sourceTree = "<group>";
		};
/* End PBXVariantGroup section */

/* Begin XCBuildConfiguration section */
		AEEE255C2459EC770008628F /* Debug */ = {
			isa = XCBuildConfiguration;
			buildSettings = {
				ALWAYS_SEARCH_USER_PATHS = NO;
				CLANG_ANALYZER_NONNULL = YES;
				CLANG_ANALYZER_NUMBER_OBJECT_CONVERSION = YES_AGGRESSIVE;
				CLANG_CXX_LANGUAGE_STANDARD = "gnu++14";
				CLANG_CXX_LIBRARY = "libc++";
				CLANG_ENABLE_MODULES = YES;
				CLANG_ENABLE_OBJC_ARC = YES;
				CLANG_ENABLE_OBJC_WEAK = YES;
				CLANG_WARN_BLOCK_CAPTURE_AUTORELEASING = YES;
				CLANG_WARN_BOOL_CONVERSION = YES;
				CLANG_WARN_COMMA = YES;
				CLANG_WARN_CONSTANT_CONVERSION = YES;
				CLANG_WARN_DEPRECATED_OBJC_IMPLEMENTATIONS = YES;
				CLANG_WARN_DIRECT_OBJC_ISA_USAGE = YES_ERROR;
				CLANG_WARN_DOCUMENTATION_COMMENTS = YES;
				CLANG_WARN_EMPTY_BODY = YES;
				CLANG_WARN_ENUM_CONVERSION = YES;
				CLANG_WARN_INFINITE_RECURSION = YES;
				CLANG_WARN_INT_CONVERSION = YES;
				CLANG_WARN_NON_LITERAL_NULL_CONVERSION = YES;
				CLANG_WARN_OBJC_IMPLICIT_RETAIN_SELF = YES;
				CLANG_WARN_OBJC_LITERAL_CONVERSION = YES;
				CLANG_WARN_OBJC_ROOT_CLASS = YES_ERROR;
				CLANG_WARN_RANGE_LOOP_ANALYSIS = YES;
				CLANG_WARN_STRICT_PROTOTYPES = YES;
				CLANG_WARN_SUSPICIOUS_MOVE = YES;
				CLANG_WARN_UNGUARDED_AVAILABILITY = YES_AGGRESSIVE;
				CLANG_WARN_UNREACHABLE_CODE = YES;
				CLANG_WARN__DUPLICATE_METHOD_MATCH = YES;
				COPY_PHASE_STRIP = NO;
				DEBUG_INFORMATION_FORMAT = dwarf;
				ENABLE_STRICT_OBJC_MSGSEND = YES;
				ENABLE_TESTABILITY = YES;
				GCC_C_LANGUAGE_STANDARD = gnu11;
				GCC_DYNAMIC_NO_PIC = NO;
				GCC_NO_COMMON_BLOCKS = YES;
				GCC_OPTIMIZATION_LEVEL = 0;
				GCC_PREPROCESSOR_DEFINITIONS = (
					"DEBUG=1",
					"$(inherited)",
				);
				GCC_WARN_64_TO_32_BIT_CONVERSION = YES;
				GCC_WARN_ABOUT_RETURN_TYPE = YES_ERROR;
				GCC_WARN_UNDECLARED_SELECTOR = YES;
				GCC_WARN_UNINITIALIZED_AUTOS = YES_AGGRESSIVE;
				GCC_WARN_UNUSED_FUNCTION = YES;
				GCC_WARN_UNUSED_VARIABLE = YES;
				IPHONEOS_DEPLOYMENT_TARGET = 13.4;
				MTL_ENABLE_DEBUG_INFO = INCLUDE_SOURCE;
				MTL_FAST_MATH = YES;
				ONLY_ACTIVE_ARCH = YES;
				SDKROOT = iphoneos;
				SWIFT_ACTIVE_COMPILATION_CONDITIONS = DEBUG;
				SWIFT_OPTIMIZATION_LEVEL = "-Onone";
			};
			name = Debug;
		};
		AEEE255D2459EC770008628F /* Release */ = {
			isa = XCBuildConfiguration;
			buildSettings = {
				ALWAYS_SEARCH_USER_PATHS = NO;
				CLANG_ANALYZER_NONNULL = YES;
				CLANG_ANALYZER_NUMBER_OBJECT_CONVERSION = YES_AGGRESSIVE;
				CLANG_CXX_LANGUAGE_STANDARD = "gnu++14";
				CLANG_CXX_LIBRARY = "libc++";
				CLANG_ENABLE_MODULES = YES;
				CLANG_ENABLE_OBJC_ARC = YES;
				CLANG_ENABLE_OBJC_WEAK = YES;
				CLANG_WARN_BLOCK_CAPTURE_AUTORELEASING = YES;
				CLANG_WARN_BOOL_CONVERSION = YES;
				CLANG_WARN_COMMA = YES;
				CLANG_WARN_CONSTANT_CONVERSION = YES;
				CLANG_WARN_DEPRECATED_OBJC_IMPLEMENTATIONS = YES;
				CLANG_WARN_DIRECT_OBJC_ISA_USAGE = YES_ERROR;
				CLANG_WARN_DOCUMENTATION_COMMENTS = YES;
				CLANG_WARN_EMPTY_BODY = YES;
				CLANG_WARN_ENUM_CONVERSION = YES;
				CLANG_WARN_INFINITE_RECURSION = YES;
				CLANG_WARN_INT_CONVERSION = YES;
				CLANG_WARN_NON_LITERAL_NULL_CONVERSION = YES;
				CLANG_WARN_OBJC_IMPLICIT_RETAIN_SELF = YES;
				CLANG_WARN_OBJC_LITERAL_CONVERSION = YES;
				CLANG_WARN_OBJC_ROOT_CLASS = YES_ERROR;
				CLANG_WARN_RANGE_LOOP_ANALYSIS = YES;
				CLANG_WARN_STRICT_PROTOTYPES = YES;
				CLANG_WARN_SUSPICIOUS_MOVE = YES;
				CLANG_WARN_UNGUARDED_AVAILABILITY = YES_AGGRESSIVE;
				CLANG_WARN_UNREACHABLE_CODE = YES;
				CLANG_WARN__DUPLICATE_METHOD_MATCH = YES;
				COPY_PHASE_STRIP = NO;
				DEBUG_INFORMATION_FORMAT = "dwarf-with-dsym";
				ENABLE_NS_ASSERTIONS = NO;
				ENABLE_STRICT_OBJC_MSGSEND = YES;
				GCC_C_LANGUAGE_STANDARD = gnu11;
				GCC_NO_COMMON_BLOCKS = YES;
				GCC_WARN_64_TO_32_BIT_CONVERSION = YES;
				GCC_WARN_ABOUT_RETURN_TYPE = YES_ERROR;
				GCC_WARN_UNDECLARED_SELECTOR = YES;
				GCC_WARN_UNINITIALIZED_AUTOS = YES_AGGRESSIVE;
				GCC_WARN_UNUSED_FUNCTION = YES;
				GCC_WARN_UNUSED_VARIABLE = YES;
				IPHONEOS_DEPLOYMENT_TARGET = 13.4;
				MTL_ENABLE_DEBUG_INFO = NO;
				MTL_FAST_MATH = YES;
				SDKROOT = iphoneos;
				SWIFT_COMPILATION_MODE = wholemodule;
				SWIFT_OPTIMIZATION_LEVEL = "-O";
				VALIDATE_PRODUCT = YES;
			};
			name = Release;
		};
		AEEE255F2459EC770008628F /* Debug */ = {
			isa = XCBuildConfiguration;
			buildSettings = {
				ASSETCATALOG_COMPILER_APPICON_NAME = AppIcon;
				CODE_SIGN_STYLE = Automatic;
				DEVELOPMENT_TEAM = SC862SLTU9;
				INFOPLIST_FILE = "EK20 V1/Info.plist";
				LD_RUNPATH_SEARCH_PATHS = (
					"$(inherited)",
					"@executable_path/Frameworks",
				);
				PRODUCT_BUNDLE_IDENTIFIER = "StephaneTrouve.EK20-V1";
				PRODUCT_NAME = "$(TARGET_NAME)";
				SWIFT_VERSION = 5.0;
				TARGETED_DEVICE_FAMILY = "1,2";
			};
			name = Debug;
		};
		AEEE25602459EC770008628F /* Release */ = {
			isa = XCBuildConfiguration;
			buildSettings = {
				ASSETCATALOG_COMPILER_APPICON_NAME = AppIcon;
				CODE_SIGN_STYLE = Automatic;
				DEVELOPMENT_TEAM = SC862SLTU9;
				INFOPLIST_FILE = "EK20 V1/Info.plist";
				LD_RUNPATH_SEARCH_PATHS = (
					"$(inherited)",
					"@executable_path/Frameworks",
				);
				PRODUCT_BUNDLE_IDENTIFIER = "StephaneTrouve.EK20-V1";
				PRODUCT_NAME = "$(TARGET_NAME)";
				SWIFT_VERSION = 5.0;
				TARGETED_DEVICE_FAMILY = "1,2";
			};
			name = Release;
		};
/* End XCBuildConfiguration section */

/* Begin XCConfigurationList section */
		AEEE25422459EC740008628F /* Build configuration list for PBXProject "EK20 V1" */ = {
			isa = XCConfigurationList;
			buildConfigurations = (
				AEEE255C2459EC770008628F /* Debug */,
				AEEE255D2459EC770008628F /* Release */,
			);
			defaultConfigurationIsVisible = 0;
			defaultConfigurationName = Release;
		};
		AEEE255E2459EC770008628F /* Build configuration list for PBXNativeTarget "EK20 V1" */ = {
			isa = XCConfigurationList;
			buildConfigurations = (
				AEEE255F2459EC770008628F /* Debug */,
				AEEE25602459EC770008628F /* Release */,
			);
			defaultConfigurationIsVisible = 0;
			defaultConfigurationName = Release;
		};
/* End XCConfigurationList section */

/* Begin XCVersionGroup section */
		AEEE25532459EC740008628F /* EK20_V1.xcdatamodeld */ = {
			isa = XCVersionGroup;
			children = (
				AEEE25542459EC740008628F /* EK20_V1.xcdatamodel */,
			);
			currentVersion = AEEE25542459EC740008628F /* EK20_V1.xcdatamodel */;
			path = EK20_V1.xcdatamodeld;
			sourceTree = "<group>";
			versionGroupType = wrapper.xcdatamodel;
		};
/* End XCVersionGroup section */
	};
	rootObject = AEEE253F2459EC740008628F /* Project object */;
}
